// !$*UTF8*$!
{
	archiveVersion = 1;
	classes = {
	};
	objectVersion = 46;
	objects = {

/* Begin PBXBuildFile section */
		891162B61A8983DE00BE87D3 /* main.m in Sources */ = {isa = PBXBuildFile; fileRef = 891162B51A8983DE00BE87D3 /* main.m */; };
		891162B91A8983DE00BE87D3 /* AppDelegate.m in Sources */ = {isa = PBXBuildFile; fileRef = 891162B81A8983DE00BE87D3 /* AppDelegate.m */; };
		891162BC1A8983DE00BE87D3 /* ViewController.m in Sources */ = {isa = PBXBuildFile; fileRef = 891162BB1A8983DE00BE87D3 /* ViewController.m */; };
		891162BF1A8983DE00BE87D3 /* Main.storyboard in Resources */ = {isa = PBXBuildFile; fileRef = 891162BD1A8983DE00BE87D3 /* Main.storyboard */; };
		891162C11A8983DE00BE87D3 /* Images.xcassets in Resources */ = {isa = PBXBuildFile; fileRef = 891162C01A8983DE00BE87D3 /* Images.xcassets */; };
		891162C41A8983DE00BE87D3 /* LaunchScreen.xib in Resources */ = {isa = PBXBuildFile; fileRef = 891162C21A8983DE00BE87D3 /* LaunchScreen.xib */; };
		891162D01A8983DE00BE87D3 /* SocketRocketTestTests.m in Sources */ = {isa = PBXBuildFile; fileRef = 891162CF1A8983DE00BE87D3 /* SocketRocketTestTests.m */; };
/* End PBXBuildFile section */

/* Begin PBXContainerItemProxy section */
		891162CA1A8983DE00BE87D3 /* PBXContainerItemProxy */ = {
			isa = PBXContainerItemProxy;
			containerPortal = 891162A81A8983DE00BE87D3 /* Project object */;
			proxyType = 1;
			remoteGlobalIDString = 891162AF1A8983DE00BE87D3;
			remoteInfo = SocketRocketTest;
		};
/* End PBXContainerItemProxy section */

/* Begin PBXFileReference section */
		891162B01A8983DE00BE87D3 /* SocketRocketTest.app */ = {isa = PBXFileReference; explicitFileType = wrapper.application; includeInIndex = 0; path = SocketRocketTest.app; sourceTree = BUILT_PRODUCTS_DIR; };
		891162B41A8983DE00BE87D3 /* Info.plist */ = {isa = PBXFileReference; lastKnownFileType = text.plist.xml; path = Info.plist; sourceTree = "<group>"; };
		891162B51A8983DE00BE87D3 /* main.m */ = {isa = PBXFileReference; lastKnownFileType = sourcecode.c.objc; path = main.m; sourceTree = "<group>"; };
		891162B71A8983DE00BE87D3 /* AppDelegate.h */ = {isa = PBXFileReference; lastKnownFileType = sourcecode.c.h; path = AppDelegate.h; sourceTree = "<group>"; };
		891162B81A8983DE00BE87D3 /* AppDelegate.m */ = {isa = PBXFileReference; lastKnownFileType = sourcecode.c.objc; path = AppDelegate.m; sourceTree = "<group>"; };
		891162BA1A8983DE00BE87D3 /* ViewController.h */ = {isa = PBXFileReference; lastKnownFileType = sourcecode.c.h; path = ViewController.h; sourceTree = "<group>"; };
		891162BB1A8983DE00BE87D3 /* ViewController.m */ = {isa = PBXFileReference; lastKnownFileType = sourcecode.c.objc; path = ViewController.m; sourceTree = "<group>"; };
		891162BE1A8983DE00BE87D3 /* Base */ = {isa = PBXFileReference; lastKnownFileType = file.storyboard; name = Base; path = Base.lproj/Main.storyboard; sourceTree = "<group>"; };
		891162C01A8983DE00BE87D3 /* Images.xcassets */ = {isa = PBXFileReference; lastKnownFileType = folder.assetcatalog; path = Images.xcassets; sourceTree = "<group>"; };
		891162C31A8983DE00BE87D3 /* Base */ = {isa = PBXFileReference; lastKnownFileType = file.xib; name = Base; path = Base.lproj/LaunchScreen.xib; sourceTree = "<group>"; };
		891162C91A8983DE00BE87D3 /* SocketRocketTestTests.xctest */ = {isa = PBXFileReference; explicitFileType = wrapper.cfbundle; includeInIndex = 0; path = SocketRocketTestTests.xctest; sourceTree = BUILT_PRODUCTS_DIR; };
		891162CE1A8983DE00BE87D3 /* Info.plist */ = {isa = PBXFileReference; lastKnownFileType = text.plist.xml; path = Info.plist; sourceTree = "<group>"; };
		891162CF1A8983DE00BE87D3 /* SocketRocketTestTests.m */ = {isa = PBXFileReference; lastKnownFileType = sourcecode.c.objc; path = SocketRocketTestTests.m; sourceTree = "<group>"; };
/* End PBXFileReference section */

/* Begin PBXFrameworksBuildPhase section */
		891162AD1A8983DE00BE87D3 /* Frameworks */ = {
			isa = PBXFrameworksBuildPhase;
			buildActionMask = 2147483647;
			files = (
			);
			runOnlyForDeploymentPostprocessing = 0;
		};
		891162C61A8983DE00BE87D3 /* Frameworks */ = {
			isa = PBXFrameworksBuildPhase;
			buildActionMask = 2147483647;
			files = (
			);
			runOnlyForDeploymentPostprocessing = 0;
		};
/* End PBXFrameworksBuildPhase section */

/* Begin PBXGroup section */
		891162A71A8983DE00BE87D3 = {
			isa = PBXGroup;
			children = (
				891162B21A8983DE00BE87D3 /* SocketRocketTest */,
				891162CC1A8983DE00BE87D3 /* SocketRocketTestTests */,
				891162B11A8983DE00BE87D3 /* Products */,
			);
			sourceTree = "<group>";
		};
		891162B11A8983DE00BE87D3 /* Products */ = {
			isa = PBXGroup;
			children = (
				891162B01A8983DE00BE87D3 /* SocketRocketTest.app */,
				891162C91A8983DE00BE87D3 /* SocketRocketTestTests.xctest */,
			);
			name = Products;
			sourceTree = "<group>";
		};
		891162B21A8983DE00BE87D3 /* SocketRocketTest */ = {
			isa = PBXGroup;
			children = (
				891162B71A8983DE00BE87D3 /* AppDelegate.h */,
				891162B81A8983DE00BE87D3 /* AppDelegate.m */,
				891162BA1A8983DE00BE87D3 /* ViewController.h */,
				891162BB1A8983DE00BE87D3 /* ViewController.m */,
				891162BD1A8983DE00BE87D3 /* Main.storyboard */,
				891162C01A8983DE00BE87D3 /* Images.xcassets */,
				891162C21A8983DE00BE87D3 /* LaunchScreen.xib */,
				891162B31A8983DE00BE87D3 /* Supporting Files */,
			);
			path = SocketRocketTest;
			sourceTree = "<group>";
		};
		891162B31A8983DE00BE87D3 /* Supporting Files */ = {
			isa = PBXGroup;
			children = (
				891162B41A8983DE00BE87D3 /* Info.plist */,
				891162B51A8983DE00BE87D3 /* main.m */,
			);
			name = "Supporting Files";
			sourceTree = "<group>";
		};
		891162CC1A8983DE00BE87D3 /* SocketRocketTestTests */ = {
			isa = PBXGroup;
			children = (
				891162CF1A8983DE00BE87D3 /* SocketRocketTestTests.m */,
				891162CD1A8983DE00BE87D3 /* Supporting Files */,
			);
			path = SocketRocketTestTests;
			sourceTree = "<group>";
		};
		891162CD1A8983DE00BE87D3 /* Supporting Files */ = {
			isa = PBXGroup;
			children = (
				891162CE1A8983DE00BE87D3 /* Info.plist */,
			);
			name = "Supporting Files";
			sourceTree = "<group>";
		};
/* End PBXGroup section */

/* Begin PBXNativeTarget section */
		891162AF1A8983DE00BE87D3 /* SocketRocketTest */ = {
			isa = PBXNativeTarget;
			buildConfigurationList = 891162D31A8983DE00BE87D3 /* Build configuration list for PBXNativeTarget "SocketRocketTest" */;
			buildPhases = (
				891162AC1A8983DE00BE87D3 /* Sources */,
				891162AD1A8983DE00BE87D3 /* Frameworks */,
				891162AE1A8983DE00BE87D3 /* Resources */,
			);
			buildRules = (
			);
			dependencies = (
			);
			name = SocketRocketTest;
			productName = SocketRocketTest;
			productReference = 891162B01A8983DE00BE87D3 /* SocketRocketTest.app */;
			productType = "com.apple.product-type.application";
		};
		891162C81A8983DE00BE87D3 /* SocketRocketTestTests */ = {
			isa = PBXNativeTarget;
			buildConfigurationList = 891162D61A8983DE00BE87D3 /* Build configuration list for PBXNativeTarget "SocketRocketTestTests" */;
			buildPhases = (
				891162C51A8983DE00BE87D3 /* Sources */,
				891162C61A8983DE00BE87D3 /* Frameworks */,
				891162C71A8983DE00BE87D3 /* Resources */,
			);
			buildRules = (
			);
			dependencies = (
				891162CB1A8983DE00BE87D3 /* PBXTargetDependency */,
			);
			name = SocketRocketTestTests;
			productName = SocketRocketTestTests;
			productReference = 891162C91A8983DE00BE87D3 /* SocketRocketTestTests.xctest */;
			productType = "com.apple.product-type.bundle.unit-test";
		};
/* End PBXNativeTarget section */

/* Begin PBXProject section */
		891162A81A8983DE00BE87D3 /* Project object */ = {
			isa = PBXProject;
			attributes = {
				LastUpgradeCheck = 0610;
				ORGANIZATIONNAME = "Lauren Lee";
				TargetAttributes = {
					891162AF1A8983DE00BE87D3 = {
						CreatedOnToolsVersion = 6.1.1;
					};
					891162C81A8983DE00BE87D3 = {
						CreatedOnToolsVersion = 6.1.1;
						TestTargetID = 891162AF1A8983DE00BE87D3;
					};
				};
			};
			buildConfigurationList = 891162AB1A8983DE00BE87D3 /* Build configuration list for PBXProject "SocketRocketTest" */;
			compatibilityVersion = "Xcode 3.2";
			developmentRegion = English;
			hasScannedForEncodings = 0;
			knownRegions = (
				en,
				Base,
			);
			mainGroup = 891162A71A8983DE00BE87D3;
			productRefGroup = 891162B11A8983DE00BE87D3 /* Products */;
			projectDirPath = "";
			projectRoot = "";
			targets = (
				891162AF1A8983DE00BE87D3 /* SocketRocketTest */,
				891162C81A8983DE00BE87D3 /* SocketRocketTestTests */,
			);
		};
/* End PBXProject section */

/* Begin PBXResourcesBuildPhase section */
		891162AE1A8983DE00BE87D3 /* Resources */ = {
			isa = PBXResourcesBuildPhase;
			buildActionMask = 2147483647;
			files = (
				891162BF1A8983DE00BE87D3 /* Main.storyboard in Resources */,
				891162C41A8983DE00BE87D3 /* LaunchScreen.xib in Resources */,
				891162C11A8983DE00BE87D3 /* Images.xcassets in Resources */,
			);
			runOnlyForDeploymentPostprocessing = 0;
		};
		891162C71A8983DE00BE87D3 /* Resources */ = {
			isa = PBXResourcesBuildPhase;
			buildActionMask = 2147483647;
			files = (
			);
			runOnlyForDeploymentPostprocessing = 0;
		};
/* End PBXResourcesBuildPhase section */

/* Begin PBXSourcesBuildPhase section */
		891162AC1A8983DE00BE87D3 /* Sources */ = {
			isa = PBXSourcesBuildPhase;
			buildActionMask = 2147483647;
			files = (
				891162BC1A8983DE00BE87D3 /* ViewController.m in Sources */,
				891162B91A8983DE00BE87D3 /* AppDelegate.m in Sources */,
				891162B61A8983DE00BE87D3 /* main.m in Sources */,
			);
			runOnlyForDeploymentPostprocessing = 0;
		};
		891162C51A8983DE00BE87D3 /* Sources */ = {
			isa = PBXSourcesBuildPhase;
			buildActionMask = 2147483647;
			files = (
				891162D01A8983DE00BE87D3 /* SocketRocketTestTests.m in Sources */,
			);
			runOnlyForDeploymentPostprocessing = 0;
		};
/* End PBXSourcesBuildPhase section */

/* Begin PBXTargetDependency section */
		891162CB1A8983DE00BE87D3 /* PBXTargetDependency */ = {
			isa = PBXTargetDependency;
			target = 891162AF1A8983DE00BE87D3 /* SocketRocketTest */;
			targetProxy = 891162CA1A8983DE00BE87D3 /* PBXContainerItemProxy */;
		};
/* End PBXTargetDependency section */

/* Begin PBXVariantGroup section */
		891162BD1A8983DE00BE87D3 /* Main.storyboard */ = {
			isa = PBXVariantGroup;
			children = (
				891162BE1A8983DE00BE87D3 /* Base */,
			);
			name = Main.storyboard;
			sourceTree = "<group>";
		};
		891162C21A8983DE00BE87D3 /* LaunchScreen.xib */ = {
			isa = PBXVariantGroup;
			children = (
				891162C31A8983DE00BE87D3 /* Base */,
			);
			name = LaunchScreen.xib;
			sourceTree = "<group>";
		};
/* End PBXVariantGroup section */

/* Begin XCBuildConfiguration section */
		891162D11A8983DE00BE87D3 /* Debug */ = {
			isa = XCBuildConfiguration;
			buildSettings = {
				ALWAYS_SEARCH_USER_PATHS = NO;
				CLANG_CXX_LANGUAGE_STANDARD = "gnu++0x";
				CLANG_CXX_LIBRARY = "libc++";
				CLANG_ENABLE_MODULES = YES;
				CLANG_ENABLE_OBJC_ARC = YES;
				CLANG_WARN_BOOL_CONVERSION = YES;
				CLANG_WARN_CONSTANT_CONVERSION = YES;
				CLANG_WARN_DIRECT_OBJC_ISA_USAGE = YES_ERROR;
				CLANG_WARN_EMPTY_BODY = YES;
				CLANG_WARN_ENUM_CONVERSION = YES;
				CLANG_WARN_INT_CONVERSION = YES;
				CLANG_WARN_OBJC_ROOT_CLASS = YES_ERROR;
				CLANG_WARN_UNREACHABLE_CODE = YES;
				CLANG_WARN__DUPLICATE_METHOD_MATCH = YES;
				"CODE_SIGN_IDENTITY[sdk=iphoneos*]" = "iPhone Developer";
				COPY_PHASE_STRIP = NO;
				ENABLE_STRICT_OBJC_MSGSEND = YES;
				GCC_C_LANGUAGE_STANDARD = gnu99;
				GCC_DYNAMIC_NO_PIC = NO;
				GCC_OPTIMIZATION_LEVEL = 0;
				GCC_PREPROCESSOR_DEFINITIONS = (
					"DEBUG=1",
					"$(inherited)",
				);
				GCC_SYMBOLS_PRIVATE_EXTERN = NO;
				GCC_WARN_64_TO_32_BIT_CONVERSION = YES;
				GCC_WARN_ABOUT_RETURN_TYPE = YES_ERROR;
				GCC_WARN_UNDECLARED_SELECTOR = YES;
				GCC_WARN_UNINITIALIZED_AUTOS = YES_AGGRESSIVE;
				GCC_WARN_UNUSED_FUNCTION = YES;
				GCC_WARN_UNUSED_VARIABLE = YES;
				IPHONEOS_DEPLOYMENT_TARGET = 8.1;
				MTL_ENABLE_DEBUG_INFO = YES;
				ONLY_ACTIVE_ARCH = YES;
				SDKROOT = iphoneos;
				TARGETED_DEVICE_FAMILY = "1,2";
			};
			name = Debug;
		};
		891162D21A8983DE00BE87D3 /* Release */ = {
			isa = XCBuildConfiguration;
			buildSettings = {
				ALWAYS_SEARCH_USER_PATHS = NO;
				CLANG_CXX_LANGUAGE_STANDARD = "gnu++0x";
				CLANG_CXX_LIBRARY = "libc++";
				CLANG_ENABLE_MODULES = YES;
				CLANG_ENABLE_OBJC_ARC = YES;
				CLANG_WARN_BOOL_CONVERSION = YES;
				CLANG_WARN_CONSTANT_CONVERSION = YES;
				CLANG_WARN_DIRECT_OBJC_ISA_USAGE = YES_ERROR;
				CLANG_WARN_EMPTY_BODY = YES;
				CLANG_WARN_ENUM_CONVERSION = YES;
				CLANG_WARN_INT_CONVERSION = YES;
				CLANG_WARN_OBJC_ROOT_CLASS = YES_ERROR;
				CLANG_WARN_UNREACHABLE_CODE = YES;
				CLANG_WARN__DUPLICATE_METHOD_MATCH = YES;
				"CODE_SIGN_IDENTITY[sdk=iphoneos*]" = "iPhone Developer";
				COPY_PHASE_STRIP = YES;
				ENABLE_NS_ASSERTIONS = NO;
				ENABLE_STRICT_OBJC_MSGSEND = YES;
				GCC_C_LANGUAGE_STANDARD = gnu99;
				GCC_WARN_64_TO_32_BIT_CONVERSION = YES;
				GCC_WARN_ABOUT_RETURN_TYPE = YES_ERROR;
				GCC_WARN_UNDECLARED_SELECTOR = YES;
				GCC_WARN_UNINITIALIZED_AUTOS = YES_AGGRESSIVE;
				GCC_WARN_UNUSED_FUNCTION = YES;
				GCC_WARN_UNUSED_VARIABLE = YES;
				IPHONEOS_DEPLOYMENT_TARGET = 8.1;
				MTL_ENABLE_DEBUG_INFO = NO;
				SDKROOT = iphoneos;
				TARGETED_DEVICE_FAMILY = "1,2";
				VALIDATE_PRODUCT = YES;
			};
			name = Release;
		};
		891162D41A8983DE00BE87D3 /* Debug */ = {
			isa = XCBuildConfiguration;
			buildSettings = {
				ASSETCATALOG_COMPILER_APPICON_NAME = AppIcon;
				INFOPLIST_FILE = SocketRocketTest/Info.plist;
				LD_RUNPATH_SEARCH_PATHS = "$(inherited) @executable_path/Frameworks";
				PRODUCT_NAME = "$(TARGET_NAME)";
			};
			name = Debug;
		};
		891162D51A8983DE00BE87D3 /* Release */ = {
			isa = XCBuildConfiguration;
			buildSettings = {
				ASSETCATALOG_COMPILER_APPICON_NAME = AppIcon;
				INFOPLIST_FILE = SocketRocketTest/Info.plist;
				LD_RUNPATH_SEARCH_PATHS = "$(inherited) @executable_path/Frameworks";
				PRODUCT_NAME = "$(TARGET_NAME)";
			};
			name = Release;
		};
		891162D71A8983DE00BE87D3 /* Debug */ = {
			isa = XCBuildConfiguration;
			buildSettings = {
				BUNDLE_LOADER = "$(TEST_HOST)";
				FRAMEWORK_SEARCH_PATHS = (
					"$(SDKROOT)/Developer/Library/Frameworks",
					"$(inherited)",
				);
				GCC_PREPROCESSOR_DEFINITIONS = (
					"DEBUG=1",
					"$(inherited)",
				);
				INFOPLIST_FILE = SocketRocketTestTests/Info.plist;
				LD_RUNPATH_SEARCH_PATHS = "$(inherited) @executable_path/Frameworks @loader_path/Frameworks";
				PRODUCT_NAME = "$(TARGET_NAME)";
				TEST_HOST = "$(BUILT_PRODUCTS_DIR)/SocketRocketTest.app/SocketRocketTest";
			};
			name = Debug;
		};
		891162D81A8983DE00BE87D3 /* Release */ = {
			isa = XCBuildConfiguration;
			buildSettings = {
				BUNDLE_LOADER = "$(TEST_HOST)";
				FRAMEWORK_SEARCH_PATHS = (
					"$(SDKROOT)/Developer/Library/Frameworks",
					"$(inherited)",
				);
				INFOPLIST_FILE = SocketRocketTestTests/Info.plist;
				LD_RUNPATH_SEARCH_PATHS = "$(inherited) @executable_path/Frameworks @loader_path/Frameworks";
				PRODUCT_NAME = "$(TARGET_NAME)";
				TEST_HOST = "$(BUILT_PRODUCTS_DIR)/SocketRocketTest.app/SocketRocketTest";
			};
			name = Release;
		};
/* End XCBuildConfiguration section */

/* Begin XCConfigurationList section */
		891162AB1A8983DE00BE87D3 /* Build configuration list for PBXProject "SocketRocketTest" */ = {
			isa = XCConfigurationList;
			buildConfigurations = (
				891162D11A8983DE00BE87D3 /* Debug */,
				891162D21A8983DE00BE87D3 /* Release */,
			);
			defaultConfigurationIsVisible = 0;
			defaultConfigurationName = Release;
		};
		891162D31A8983DE00BE87D3 /* Build configuration list for PBXNativeTarget "SocketRocketTest" */ = {
			isa = XCConfigurationList;
			buildConfigurations = (
				891162D41A8983DE00BE87D3 /* Debug */,
				891162D51A8983DE00BE87D3 /* Release */,
			);
			defaultConfigurationIsVisible = 0;
		};
		891162D61A8983DE00BE87D3 /* Build configuration list for PBXNativeTarget "SocketRocketTestTests" */ = {
			isa = XCConfigurationList;
			buildConfigurations = (
				891162D71A8983DE00BE87D3 /* Debug */,
				891162D81A8983DE00BE87D3 /* Release */,
			);
			defaultConfigurationIsVisible = 0;
		};
/* End XCConfigurationList section */
	};
	rootObject = 891162A81A8983DE00BE87D3 /* Project object */;
}
